
Microsoft Visual Studio Solution File, Format Version 12.00
# Visual Studio Version 18
VisualStudioVersion = 18.0.11217.181
MinimumVisualStudioVersion = 10.0.40219.1
Project("{FAE04EC0-301F-11D3-BF4B-00C04F79EFBC}") = "FabrCore.Host", "FabrCore.Host\FabrCore.Host.csproj", "{0E1AE8EA-60A6-468F-8928-DEBE053DFA80}"
EndProject
Project("{FAE04EC0-301F-11D3-BF4B-00C04F79EFBC}") = "FabrCore.Sdk", "FabrCore.Sdk\FabrCore.Sdk.csproj", "{ABB6A4A4-AF0B-44D4-A6F8-17BCCB7CEE9B}"
EndProject
Project("{FAE04EC0-301F-11D3-BF4B-00C04F79EFBC}") = "FabrCore.Core", "FabrCore.Core\FabrCore.Core.csproj", "{FF9BC47D-EE49-487F-92C0-7477EDB3F7AD}"
EndProject
Project("{FAE04EC0-301F-11D3-BF4B-00C04F79EFBC}") = "FabrCore.Sdk.Tests", "FabrCore.Sdk.Tests\FabrCore.Sdk.Tests.csproj", "{0E71EF40-2656-40D7-893C-414464739279}"
EndProject
Project("{FAE04EC0-301F-11D3-BF4B-00C04F79EFBC}") = "FabrCore.Host.Tests", "FabrCore.Host.Tests\FabrCore.Host.Tests.csproj", "{99E15CC9-9B71-4B42-9302-9D59F9AA8E33}"
EndProject
Project("{FAE04EC0-301F-11D3-BF4B-00C04F79EFBC}") = "FabrCore.Services.Microsoft365Copilot", "FabrCore.Services.Microsoft365Copilot\FabrCore.Services.Microsoft365Copilot.csproj", "{4B7D6404-9A64-482D-AF31-F84958DE6FFE}"
EndProject
Project("{FAE04EC0-301F-11D3-BF4B-00C04F79EFBC}") = "FabrCore.Services.Microsoft365Copilot.Tests", "FabrCore.Services.Microsoft365Copilot.Tests\FabrCore.Services.Microsoft365Copilot.Tests.csproj", "{51B45346-4F3C-47AB-9059-241B2B2E37DC}"
EndProject
Project("{FAE04EC0-301F-11D3-BF4B-00C04F79EFBC}") = "FabrCore.Host.SqlServer", "FabrCore.Host.SqlServer\FabrCore.Host.SqlServer.csproj", "{FEF31B55-2CBA-43DA-A049-563B2EF4470C}"
EndProject
Project("{FAE04EC0-301F-11D3-BF4B-00C04F79EFBC}") = "FabrCore.Host.AzureStorage", "FabrCore.Host.AzureStorage\FabrCore.Host.AzureStorage.csproj", "{F6981E7A-132D-4FEB-80A8-F71F9982C43E}"
EndProject
Project("{FAE04EC0-301F-11D3-BF4B-00C04F79EFBC}") = "FabrCore.Client.Orleans", "FabrCore.Client.Orleans\FabrCore.Client.Orleans.csproj", "{93AF6FF1-A450-4B6E-BD87-D6A5F03E1626}"
EndProject
Project("{FAE04EC0-301F-11D3-BF4B-00C04F79EFBC}") = "FabrCore.Client.WebSocket", "FabrCore.Client.WebSocket\FabrCore.Client.WebSocket.csproj", "{E39A26FC-1D83-4C8E-B2A6-6DAD2D2777B0}"
EndProject
Project("{FAE04EC0-301F-11D3-BF4B-00C04F79EFBC}") = "FabrCore.Client.WebSocket.Tests", "FabrCore.Client.WebSocket.Tests\FabrCore.Client.WebSocket.Tests.csproj", "{B87E8872-C41D-483F-A7E1-66154B254E58}"
EndProject
Project("{FAE04EC0-301F-11D3-BF4B-00C04F79EFBC}") = "FabrCore.Client.Orleans.Tests", "FabrCore.Client.Orleans.Tests\FabrCore.Client.Orleans.Tests.csproj", "{7AC53DEF-184D-4173-8801-1C0E3887E00D}"
EndProject
Project("{FAE04EC0-301F-11D3-BF4B-00C04F79EFBC}") = "FabrCore.Services.Contracts", "FabrCore.Services.Contracts\FabrCore.Services.Contracts.csproj", "{42994E59-6130-4CFE-A4D1-4B34DB1323D5}"
EndProject
Project("{FAE04EC0-301F-11D3-BF4B-00C04F79EFBC}") = "FabrCore.Services.Memory", "FabrCore.Services.Memory\FabrCore.Services.Memory.csproj", "{B417F3FC-5C43-401E-ACC6-8892C660C3D3}"
EndProject
Project("{FAE04EC0-301F-11D3-BF4B-00C04F79EFBC}") = "FabrCore.Services.Memory.Tests", "FabrCore.Services.Memory.Tests\FabrCore.Services.Memory.Tests.csproj", "{8F4C9C9C-0934-4879-A5AE-9DAD340E802B}"
EndProject
Project("{FAE04EC0-301F-11D3-BF4B-00C04F79EFBC}") = "FabrCore.Services.GraphRag", "FabrCore.Services.GraphRag\FabrCore.Services.GraphRag.csproj", "{1A35D5DF-7E36-49E1-80F2-1DC94AA4B865}"
EndProject
Project("{FAE04EC0-301F-11D3-BF4B-00C04F79EFBC}") = "FabrCore.Services.GraphRag.Tests", "FabrCore.Services.GraphRag.Tests\FabrCore.Services.GraphRag.Tests.csproj", "{FFB99C6B-F09B-427D-B20B-9E0D6DDE80B5}"
EndProject
Project("{FAE04EC0-301F-11D3-BF4B-00C04F79EFBC}") = "FabrCore.Surface", "FabrCore.Surface\FabrCore.Surface.csproj", "{C2BF082B-5955-4552-BDA8-3500203433EA}"
EndProject
Project("{FAE04EC0-301F-11D3-BF4B-00C04F79EFBC}") = "FabrCore.Surface.Tests", "FabrCore.Surface.Tests\FabrCore.Surface.Tests.csproj", "{084229FC-7C1C-4055-B6DB-303557E62AD6}"
EndProject
Project("{FAE04EC0-301F-11D3-BF4B-00C04F79EFBC}") = "FabrCore.SampleApp", "..\samples\FabrCore.SampleApp\FabrCore.SampleApp.csproj", "{A7B951FB-B0F7-4E73-B384-574D0CAECF47}"
EndProject
Project("{FAE04EC0-301F-11D3-BF4B-00C04F79EFBC}") = "FabrCore.SampleApp.ServiceDefaults", "..\samples\FabrCore.SampleApp.ServiceDefaults\FabrCore.SampleApp.ServiceDefaults.csproj", "{F7BE9689-44B4-4C71-9CB0-863DDEAF04FE}"
EndProject
Project("{FAE04EC0-301F-11D3-BF4B-00C04F79EFBC}") = "FabrCore.SampleApp.Tests", "..\samples\FabrCore.SampleApp.Tests\FabrCore.SampleApp.Tests.csproj", "{4CDF9D2C-C2E3-4CDC-8706-8388F7A0692D}"
EndProject
Project("{FAE04EC0-301F-11D3-BF4B-00C04F79EFBC}") = "FabrCore.SampleApp.AppHost", "..\samples\FabrCore.SampleApp.AppHost\FabrCore.SampleApp.AppHost.csproj", "{3E0C04D5-76B9-4CCD-8496-B472616C31A0}"
EndProject
Global
	GlobalSection(SolutionConfigurationPlatforms) = preSolution
		Debug|Any CPU = Debug|Any CPU
		Debug|x64 = Debug|x64
		Debug|x86 = Debug|x86
		Release|Any CPU = Release|Any CPU
		Release|x64 = Release|x64
		Release|x86 = Release|x86
	EndGlobalSection
	GlobalSection(ProjectConfigurationPlatforms) = postSolution
		{0E1AE8EA-60A6-468F-8928-DEBE053DFA80}.Debug|Any CPU.ActiveCfg = Debug|Any CPU
		{0E1AE8EA-60A6-468F-8928-DEBE053DFA80}.Debug|Any CPU.Build.0 = Debug|Any CPU
		{0E1AE8EA-60A6-468F-8928-DEBE053DFA80}.Debug|x64.ActiveCfg = Debug|Any CPU
		{0E1AE8EA-60A6-468F-8928-DEBE053DFA80}.Debug|x64.Build.0 = Debug|Any CPU
		{0E1AE8EA-60A6-468F-8928-DEBE053DFA80}.Debug|x86.ActiveCfg = Debug|Any CPU
		{0E1AE8EA-60A6-468F-8928-DEBE053DFA80}.Debug|x86.Build.0 = Debug|Any CPU
		{0E1AE8EA-60A6-468F-8928-DEBE053DFA80}.Release|Any CPU.ActiveCfg = Release|Any CPU
		{0E1AE8EA-60A6-468F-8928-DEBE053DFA80}.Release|Any CPU.Build.0 = Release|Any CPU
		{0E1AE8EA-60A6-468F-8928-DEBE053DFA80}.Release|x64.ActiveCfg = Release|Any CPU
		{0E1AE8EA-60A6-468F-8928-DEBE053DFA80}.Release|x64.Build.0 = Release|Any CPU
		{0E1AE8EA-60A6-468F-8928-DEBE053DFA80}.Release|x86.ActiveCfg = Release|Any CPU
		{0E1AE8EA-60A6-468F-8928-DEBE053DFA80}.Release|x86.Build.0 = Release|Any CPU
		{ABB6A4A4-AF0B-44D4-A6F8-17BCCB7CEE9B}.Debug|Any CPU.ActiveCfg = Debug|Any CPU
		{ABB6A4A4-AF0B-44D4-A6F8-17BCCB7CEE9B}.Debug|Any CPU.Build.0 = Debug|Any CPU
		{ABB6A4A4-AF0B-44D4-A6F8-17BCCB7CEE9B}.Debug|x64.ActiveCfg = Debug|Any CPU
		{ABB6A4A4-AF0B-44D4-A6F8-17BCCB7CEE9B}.Debug|x64.Build.0 = Debug|Any CPU
		{ABB6A4A4-AF0B-44D4-A6F8-17BCCB7CEE9B}.Debug|x86.ActiveCfg = Debug|Any CPU
		{ABB6A4A4-AF0B-44D4-A6F8-17BCCB7CEE9B}.Debug|x86.Build.0 = Debug|Any CPU
		{ABB6A4A4-AF0B-44D4-A6F8-17BCCB7CEE9B}.Release|Any CPU.ActiveCfg = Release|Any CPU
		{ABB6A4A4-AF0B-44D4-A6F8-17BCCB7CEE9B}.Release|Any CPU.Build.0 = Release|Any CPU
		{ABB6A4A4-AF0B-44D4-A6F8-17BCCB7CEE9B}.Release|x64.ActiveCfg = Release|Any CPU
		{ABB6A4A4-AF0B-44D4-A6F8-17BCCB7CEE9B}.Release|x64.Build.0 = Release|Any CPU
		{ABB6A4A4-AF0B-44D4-A6F8-17BCCB7CEE9B}.Release|x86.ActiveCfg = Release|Any CPU
		{ABB6A4A4-AF0B-44D4-A6F8-17BCCB7CEE9B}.Release|x86.Build.0 = Release|Any CPU
		{FF9BC47D-EE49-487F-92C0-7477EDB3F7AD}.Debug|Any CPU.ActiveCfg = Debug|Any CPU
		{FF9BC47D-EE49-487F-92C0-7477EDB3F7AD}.Debug|Any CPU.Build.0 = Debug|Any CPU
		{FF9BC47D-EE49-487F-92C0-7477EDB3F7AD}.Debug|x64.ActiveCfg = Debug|Any CPU
		{FF9BC47D-EE49-487F-92C0-7477EDB3F7AD}.Debug|x64.Build.0 = Debug|Any CPU
		{FF9BC47D-EE49-487F-92C0-7477EDB3F7AD}.Debug|x86.ActiveCfg = Debug|Any CPU
		{FF9BC47D-EE49-487F-92C0-7477EDB3F7AD}.Debug|x86.Build.0 = Debug|Any CPU
		{FF9BC47D-EE49-487F-92C0-7477EDB3F7AD}.Release|Any CPU.ActiveCfg = Release|Any CPU
		{FF9BC47D-EE49-487F-92C0-7477EDB3F7AD}.Release|Any CPU.Build.0 = Release|Any CPU
		{FF9BC47D-EE49-487F-92C0-7477EDB3F7AD}.Release|x64.ActiveCfg = Release|Any CPU
		{FF9BC47D-EE49-487F-92C0-7477EDB3F7AD}.Release|x64.Build.0 = Release|Any CPU
		{FF9BC47D-EE49-487F-92C0-7477EDB3F7AD}.Release|x86.ActiveCfg = Release|Any CPU
		{FF9BC47D-EE49-487F-92C0-7477EDB3F7AD}.Release|x86.Build.0 = Release|Any CPU
		{0E71EF40-2656-40D7-893C-414464739279}.Debug|Any CPU.ActiveCfg = Debug|Any CPU
		{0E71EF40-2656-40D7-893C-414464739279}.Debug|Any CPU.Build.0 = Debug|Any CPU
		{0E71EF40-2656-40D7-893C-414464739279}.Debug|x64.ActiveCfg = Debug|Any CPU
		{0E71EF40-2656-40D7-893C-414464739279}.Debug|x64.Build.0 = Debug|Any CPU
		{0E71EF40-2656-40D7-893C-414464739279}.Debug|x86.ActiveCfg = Debug|Any CPU
		{0E71EF40-2656-40D7-893C-414464739279}.Debug|x86.Build.0 = Debug|Any CPU
		{0E71EF40-2656-40D7-893C-414464739279}.Release|Any CPU.ActiveCfg = Release|Any CPU
		{0E71EF40-2656-40D7-893C-414464739279}.Release|Any CPU.Build.0 = Release|Any CPU
		{0E71EF40-2656-40D7-893C-414464739279}.Release|x64.ActiveCfg = Release|Any CPU
		{0E71EF40-2656-40D7-893C-414464739279}.Release|x64.Build.0 = Release|Any CPU
		{0E71EF40-2656-40D7-893C-414464739279}.Release|x86.ActiveCfg = Release|Any CPU
		{0E71EF40-2656-40D7-893C-414464739279}.Release|x86.Build.0 = Release|Any CPU
		{99E15CC9-9B71-4B42-9302-9D59F9AA8E33}.Debug|Any CPU.ActiveCfg = Debug|Any CPU
		{99E15CC9-9B71-4B42-9302-9D59F9AA8E33}.Debug|Any CPU.Build.0 = Debug|Any CPU
		{99E15CC9-9B71-4B42-9302-9D59F9AA8E33}.Debug|x64.ActiveCfg = Debug|Any CPU
		{99E15CC9-9B71-4B42-9302-9D59F9AA8E33}.Debug|x64.Build.0 = Debug|Any CPU
		{99E15CC9-9B71-4B42-9302-9D59F9AA8E33}.Debug|x86.ActiveCfg = Debug|Any CPU
		{99E15CC9-9B71-4B42-9302-9D59F9AA8E33}.Debug|x86.Build.0 = Debug|Any CPU
		{99E15CC9-9B71-4B42-9302-9D59F9AA8E33}.Release|Any CPU.ActiveCfg = Release|Any CPU
		{99E15CC9-9B71-4B42-9302-9D59F9AA8E33}.Release|Any CPU.Build.0 = Release|Any CPU
		{99E15CC9-9B71-4B42-9302-9D59F9AA8E33}.Release|x64.ActiveCfg = Release|Any CPU
		{99E15CC9-9B71-4B42-9302-9D59F9AA8E33}.Release|x64.Build.0 = Release|Any CPU
		{99E15CC9-9B71-4B42-9302-9D59F9AA8E33}.Release|x86.ActiveCfg = Release|Any CPU
		{99E15CC9-9B71-4B42-9302-9D59F9AA8E33}.Release|x86.Build.0 = Release|Any CPU
		{4B7D6404-9A64-482D-AF31-F84958DE6FFE}.Debug|Any CPU.ActiveCfg = Debug|Any CPU
		{4B7D6404-9A64-482D-AF31-F84958DE6FFE}.Debug|Any CPU.Build.0 = Debug|Any CPU
		{4B7D6404-9A64-482D-AF31-F84958DE6FFE}.Debug|x64.ActiveCfg = Debug|Any CPU
		{4B7D6404-9A64-482D-AF31-F84958DE6FFE}.Debug|x64.Build.0 = Debug|Any CPU
		{4B7D6404-9A64-482D-AF31-F84958DE6FFE}.Debug|x86.ActiveCfg = Debug|Any CPU
		{4B7D6404-9A64-482D-AF31-F84958DE6FFE}.Debug|x86.Build.0 = Debug|Any CPU
		{4B7D6404-9A64-482D-AF31-F84958DE6FFE}.Release|Any CPU.ActiveCfg = Release|Any CPU
		{4B7D6404-9A64-482D-AF31-F84958DE6FFE}.Release|Any CPU.Build.0 = Release|Any CPU
		{4B7D6404-9A64-482D-AF31-F84958DE6FFE}.Release|x64.ActiveCfg = Release|Any CPU
		{4B7D6404-9A64-482D-AF31-F84958DE6FFE}.Release|x64.Build.0 = Release|Any CPU
		{4B7D6404-9A64-482D-AF31-F84958DE6FFE}.Release|x86.ActiveCfg = Release|Any CPU
		{4B7D6404-9A64-482D-AF31-F84958DE6FFE}.Release|x86.Build.0 = Release|Any CPU
		{51B45346-4F3C-47AB-9059-241B2B2E37DC}.Debug|Any CPU.ActiveCfg = Debug|Any CPU
		{51B45346-4F3C-47AB-9059-241B2B2E37DC}.Debug|Any CPU.Build.0 = Debug|Any CPU
		{51B45346-4F3C-47AB-9059-241B2B2E37DC}.Debug|x64.ActiveCfg = Debug|Any CPU
		{51B45346-4F3C-47AB-9059-241B2B2E37DC}.Debug|x64.Build.0 = Debug|Any CPU
		{51B45346-4F3C-47AB-9059-241B2B2E37DC}.Debug|x86.ActiveCfg = Debug|Any CPU
		{51B45346-4F3C-47AB-9059-241B2B2E37DC}.Debug|x86.Build.0 = Debug|Any CPU
		{51B45346-4F3C-47AB-9059-241B2B2E37DC}.Release|Any CPU.ActiveCfg = Release|Any CPU
		{51B45346-4F3C-47AB-9059-241B2B2E37DC}.Release|Any CPU.Build.0 = Release|Any CPU
		{51B45346-4F3C-47AB-9059-241B2B2E37DC}.Release|x64.ActiveCfg = Release|Any CPU
		{51B45346-4F3C-47AB-9059-241B2B2E37DC}.Release|x64.Build.0 = Release|Any CPU
		{51B45346-4F3C-47AB-9059-241B2B2E37DC}.Release|x86.ActiveCfg = Release|Any CPU
		{51B45346-4F3C-47AB-9059-241B2B2E37DC}.Release|x86.Build.0 = Release|Any CPU
		{FEF31B55-2CBA-43DA-A049-563B2EF4470C}.Debug|Any CPU.ActiveCfg = Debug|Any CPU
		{FEF31B55-2CBA-43DA-A049-563B2EF4470C}.Debug|Any CPU.Build.0 = Debug|Any CPU
		{FEF31B55-2CBA-43DA-A049-563B2EF4470C}.Debug|x64.ActiveCfg = Debug|Any CPU
		{FEF31B55-2CBA-43DA-A049-563B2EF4470C}.Debug|x64.Build.0 = Debug|Any CPU
		{FEF31B55-2CBA-43DA-A049-563B2EF4470C}.Debug|x86.ActiveCfg = Debug|Any CPU
		{FEF31B55-2CBA-43DA-A049-563B2EF4470C}.Debug|x86.Build.0 = Debug|Any CPU
		{FEF31B55-2CBA-43DA-A049-563B2EF4470C}.Release|Any CPU.ActiveCfg = Release|Any CPU
		{FEF31B55-2CBA-43DA-A049-563B2EF4470C}.Release|Any CPU.Build.0 = Release|Any CPU
		{FEF31B55-2CBA-43DA-A049-563B2EF4470C}.Release|x64.ActiveCfg = Release|Any CPU
		{FEF31B55-2CBA-43DA-A049-563B2EF4470C}.Release|x64.Build.0 = Release|Any CPU
		{FEF31B55-2CBA-43DA-A049-563B2EF4470C}.Release|x86.ActiveCfg = Release|Any CPU
		{FEF31B55-2CBA-43DA-A049-563B2EF4470C}.Release|x86.Build.0 = Release|Any CPU
		{F6981E7A-132D-4FEB-80A8-F71F9982C43E}.Debug|Any CPU.ActiveCfg = Debug|Any CPU
		{F6981E7A-132D-4FEB-80A8-F71F9982C43E}.Debug|Any CPU.Build.0 = Debug|Any CPU
		{F6981E7A-132D-4FEB-80A8-F71F9982C43E}.Debug|x64.ActiveCfg = Debug|Any CPU
		{F6981E7A-132D-4FEB-80A8-F71F9982C43E}.Debug|x64.Build.0 = Debug|Any CPU
		{F6981E7A-132D-4FEB-80A8-F71F9982C43E}.Debug|x86.ActiveCfg = Debug|Any CPU
		{F6981E7A-132D-4FEB-80A8-F71F9982C43E}.Debug|x86.Build.0 = Debug|Any CPU
		{F6981E7A-132D-4FEB-80A8-F71F9982C43E}.Release|Any CPU.ActiveCfg = Release|Any CPU
		{F6981E7A-132D-4FEB-80A8-F71F9982C43E}.Release|Any CPU.Build.0 = Release|Any CPU
		{F6981E7A-132D-4FEB-80A8-F71F9982C43E}.Release|x64.ActiveCfg = Release|Any CPU
		{F6981E7A-132D-4FEB-80A8-F71F9982C43E}.Release|x64.Build.0 = Release|Any CPU
		{F6981E7A-132D-4FEB-80A8-F71F9982C43E}.Release|x86.ActiveCfg = Release|Any CPU
		{F6981E7A-132D-4FEB-80A8-F71F9982C43E}.Release|x86.Build.0 = Release|Any CPU
		{93AF6FF1-A450-4B6E-BD87-D6A5F03E1626}.Debug|Any CPU.ActiveCfg = Debug|Any CPU
		{93AF6FF1-A450-4B6E-BD87-D6A5F03E1626}.Debug|Any CPU.Build.0 = Debug|Any CPU
		{93AF6FF1-A450-4B6E-BD87-D6A5F03E1626}.Debug|x64.ActiveCfg = Debug|Any CPU
		{93AF6FF1-A450-4B6E-BD87-D6A5F03E1626}.Debug|x64.Build.0 = Debug|Any CPU
		{93AF6FF1-A450-4B6E-BD87-D6A5F03E1626}.Debug|x86.ActiveCfg = Debug|Any CPU
		{93AF6FF1-A450-4B6E-BD87-D6A5F03E1626}.Debug|x86.Build.0 = Debug|Any CPU
		{93AF6FF1-A450-4B6E-BD87-D6A5F03E1626}.Release|Any CPU.ActiveCfg = Release|Any CPU
		{93AF6FF1-A450-4B6E-BD87-D6A5F03E1626}.Release|Any CPU.Build.0 = Release|Any CPU
		{93AF6FF1-A450-4B6E-BD87-D6A5F03E1626}.Release|x64.ActiveCfg = Release|Any CPU
		{93AF6FF1-A450-4B6E-BD87-D6A5F03E1626}.Release|x64.Build.0 = Release|Any CPU
		{93AF6FF1-A450-4B6E-BD87-D6A5F03E1626}.Release|x86.ActiveCfg = Release|Any CPU
		{93AF6FF1-A450-4B6E-BD87-D6A5F03E1626}.Release|x86.Build.0 = Release|Any CPU
		{E39A26FC-1D83-4C8E-B2A6-6DAD2D2777B0}.Debug|Any CPU.ActiveCfg = Debug|Any CPU
		{E39A26FC-1D83-4C8E-B2A6-6DAD2D2777B0}.Debug|Any CPU.Build.0 = Debug|Any CPU
		{E39A26FC-1D83-4C8E-B2A6-6DAD2D2777B0}.Debug|x64.ActiveCfg = Debug|Any CPU
		{E39A26FC-1D83-4C8E-B2A6-6DAD2D2777B0}.Debug|x64.Build.0 = Debug|Any CPU
		{E39A26FC-1D83-4C8E-B2A6-6DAD2D2777B0}.Debug|x86.ActiveCfg = Debug|Any CPU
		{E39A26FC-1D83-4C8E-B2A6-6DAD2D2777B0}.Debug|x86.Build.0 = Debug|Any CPU
		{E39A26FC-1D83-4C8E-B2A6-6DAD2D2777B0}.Release|Any CPU.ActiveCfg = Release|Any CPU
		{E39A26FC-1D83-4C8E-B2A6-6DAD2D2777B0}.Release|Any CPU.Build.0 = Release|Any CPU
		{E39A26FC-1D83-4C8E-B2A6-6DAD2D2777B0}.Release|x64.ActiveCfg = Release|Any CPU
		{E39A26FC-1D83-4C8E-B2A6-6DAD2D2777B0}.Release|x64.Build.0 = Release|Any CPU
		{E39A26FC-1D83-4C8E-B2A6-6DAD2D2777B0}.Release|x86.ActiveCfg = Release|Any CPU
		{E39A26FC-1D83-4C8E-B2A6-6DAD2D2777B0}.Release|x86.Build.0 = Release|Any CPU
		{B87E8872-C41D-483F-A7E1-66154B254E58}.Debug|Any CPU.ActiveCfg = Debug|Any CPU
		{B87E8872-C41D-483F-A7E1-66154B254E58}.Debug|Any CPU.Build.0 = Debug|Any CPU
		{B87E8872-C41D-483F-A7E1-66154B254E58}.Debug|x64.ActiveCfg = Debug|Any CPU
		{B87E8872-C41D-483F-A7E1-66154B254E58}.Debug|x64.Build.0 = Debug|Any CPU
		{B87E8872-C41D-483F-A7E1-66154B254E58}.Debug|x86.ActiveCfg = Debug|Any CPU
		{B87E8872-C41D-483F-A7E1-66154B254E58}.Debug|x86.Build.0 = Debug|Any CPU
		{B87E8872-C41D-483F-A7E1-66154B254E58}.Release|Any CPU.ActiveCfg = Release|Any CPU
		{B87E8872-C41D-483F-A7E1-66154B254E58}.Release|Any CPU.Build.0 = Release|Any CPU
		{B87E8872-C41D-483F-A7E1-66154B254E58}.Release|x64.ActiveCfg = Release|Any CPU
		{B87E8872-C41D-483F-A7E1-66154B254E58}.Release|x64.Build.0 = Release|Any CPU
		{B87E8872-C41D-483F-A7E1-66154B254E58}.Release|x86.ActiveCfg = Release|Any CPU
		{B87E8872-C41D-483F-A7E1-66154B254E58}.Release|x86.Build.0 = Release|Any CPU
		{7AC53DEF-184D-4173-8801-1C0E3887E00D}.Debug|Any CPU.ActiveCfg = Debug|Any CPU
		{7AC53DEF-184D-4173-8801-1C0E3887E00D}.Debug|Any CPU.Build.0 = Debug|Any CPU
		{7AC53DEF-184D-4173-8801-1C0E3887E00D}.Debug|x64.ActiveCfg = Debug|Any CPU
		{7AC53DEF-184D-4173-8801-1C0E3887E00D}.Debug|x64.Build.0 = Debug|Any CPU
		{7AC53DEF-184D-4173-8801-1C0E3887E00D}.Debug|x86.ActiveCfg = Debug|Any CPU
		{7AC53DEF-184D-4173-8801-1C0E3887E00D}.Debug|x86.Build.0 = Debug|Any CPU
		{7AC53DEF-184D-4173-8801-1C0E3887E00D}.Release|Any CPU.ActiveCfg = Release|Any CPU
		{7AC53DEF-184D-4173-8801-1C0E3887E00D}.Release|Any CPU.Build.0 = Release|Any CPU
		{7AC53DEF-184D-4173-8801-1C0E3887E00D}.Release|x64.ActiveCfg = Release|Any CPU
		{7AC53DEF-184D-4173-8801-1C0E3887E00D}.Release|x64.Build.0 = Release|Any CPU
		{7AC53DEF-184D-4173-8801-1C0E3887E00D}.Release|x86.ActiveCfg = Release|Any CPU
		{7AC53DEF-184D-4173-8801-1C0E3887E00D}.Release|x86.Build.0 = Release|Any CPU
		{42994E59-6130-4CFE-A4D1-4B34DB1323D5}.Debug|Any CPU.ActiveCfg = Debug|Any CPU
		{42994E59-6130-4CFE-A4D1-4B34DB1323D5}.Debug|Any CPU.Build.0 = Debug|Any CPU
		{42994E59-6130-4CFE-A4D1-4B34DB1323D5}.Debug|x64.ActiveCfg = Debug|Any CPU
		{42994E59-6130-4CFE-A4D1-4B34DB1323D5}.Debug|x64.Build.0 = Debug|Any CPU
		{42994E59-6130-4CFE-A4D1-4B34DB1323D5}.Debug|x86.ActiveCfg = Debug|Any CPU
		{42994E59-6130-4CFE-A4D1-4B34DB1323D5}.Debug|x86.Build.0 = Debug|Any CPU
		{42994E59-6130-4CFE-A4D1-4B34DB1323D5}.Release|Any CPU.ActiveCfg = Release|Any CPU
		{42994E59-6130-4CFE-A4D1-4B34DB1323D5}.Release|Any CPU.Build.0 = Release|Any CPU
		{42994E59-6130-4CFE-A4D1-4B34DB1323D5}.Release|x64.ActiveCfg = Release|Any CPU
		{42994E59-6130-4CFE-A4D1-4B34DB1323D5}.Release|x64.Build.0 = Release|Any CPU
		{42994E59-6130-4CFE-A4D1-4B34DB1323D5}.Release|x86.ActiveCfg = Release|Any CPU
		{42994E59-6130-4CFE-A4D1-4B34DB1323D5}.Release|x86.Build.0 = Release|Any CPU
		{B417F3FC-5C43-401E-ACC6-8892C660C3D3}.Debug|Any CPU.ActiveCfg = Debug|Any CPU
		{B417F3FC-5C43-401E-ACC6-8892C660C3D3}.Debug|Any CPU.Build.0 = Debug|Any CPU
		{B417F3FC-5C43-401E-ACC6-8892C660C3D3}.Debug|x64.ActiveCfg = Debug|Any CPU
		{B417F3FC-5C43-401E-ACC6-8892C660C3D3}.Debug|x64.Build.0 = Debug|Any CPU
		{B417F3FC-5C43-401E-ACC6-8892C660C3D3}.Debug|x86.ActiveCfg = Debug|Any CPU
		{B417F3FC-5C43-401E-ACC6-8892C660C3D3}.Debug|x86.Build.0 = Debug|Any CPU
		{B417F3FC-5C43-401E-ACC6-8892C660C3D3}.Release|Any CPU.ActiveCfg = Release|Any CPU
		{B417F3FC-5C43-401E-ACC6-8892C660C3D3}.Release|Any CPU.Build.0 = Release|Any CPU
		{B417F3FC-5C43-401E-ACC6-8892C660C3D3}.Release|x64.ActiveCfg = Release|Any CPU
		{B417F3FC-5C43-401E-ACC6-8892C660C3D3}.Release|x64.Build.0 = Release|Any CPU
		{B417F3FC-5C43-401E-ACC6-8892C660C3D3}.Release|x86.ActiveCfg = Release|Any CPU
		{B417F3FC-5C43-401E-ACC6-8892C660C3D3}.Release|x86.Build.0 = Release|Any CPU
		{8F4C9C9C-0934-4879-A5AE-9DAD340E802B}.Debug|Any CPU.ActiveCfg = Debug|Any CPU
		{8F4C9C9C-0934-4879-A5AE-9DAD340E802B}.Debug|Any CPU.Build.0 = Debug|Any CPU
		{8F4C9C9C-0934-4879-A5AE-9DAD340E802B}.Debug|x64.ActiveCfg = Debug|Any CPU
		{8F4C9C9C-0934-4879-A5AE-9DAD340E802B}.Debug|x64.Build.0 = Debug|Any CPU
		{8F4C9C9C-0934-4879-A5AE-9DAD340E802B}.Debug|x86.ActiveCfg = Debug|Any CPU
		{8F4C9C9C-0934-4879-A5AE-9DAD340E802B}.Debug|x86.Build.0 = Debug|Any CPU
		{8F4C9C9C-0934-4879-A5AE-9DAD340E802B}.Release|Any CPU.ActiveCfg = Release|Any CPU
		{8F4C9C9C-0934-4879-A5AE-9DAD340E802B}.Release|Any CPU.Build.0 = Release|Any CPU
		{8F4C9C9C-0934-4879-A5AE-9DAD340E802B}.Release|x64.ActiveCfg = Release|Any CPU
		{8F4C9C9C-0934-4879-A5AE-9DAD340E802B}.Release|x64.Build.0 = Release|Any CPU
		{8F4C9C9C-0934-4879-A5AE-9DAD340E802B}.Release|x86.ActiveCfg = Release|Any CPU
		{8F4C9C9C-0934-4879-A5AE-9DAD340E802B}.Release|x86.Build.0 = Release|Any CPU
		{1A35D5DF-7E36-49E1-80F2-1DC94AA4B865}.Debug|Any CPU.ActiveCfg = Debug|Any CPU
		{1A35D5DF-7E36-49E1-80F2-1DC94AA4B865}.Debug|Any CPU.Build.0 = Debug|Any CPU
		{1A35D5DF-7E36-49E1-80F2-1DC94AA4B865}.Debug|x64.ActiveCfg = Debug|Any CPU
		{1A35D5DF-7E36-49E1-80F2-1DC94AA4B865}.Debug|x64.Build.0 = Debug|Any CPU
		{1A35D5DF-7E36-49E1-80F2-1DC94AA4B865}.Debug|x86.ActiveCfg = Debug|Any CPU
		{1A35D5DF-7E36-49E1-80F2-1DC94AA4B865}.Debug|x86.Build.0 = Debug|Any CPU
		{1A35D5DF-7E36-49E1-80F2-1DC94AA4B865}.Release|Any CPU.ActiveCfg = Release|Any CPU
		{1A35D5DF-7E36-49E1-80F2-1DC94AA4B865}.Release|Any CPU.Build.0 = Release|Any CPU
		{1A35D5DF-7E36-49E1-80F2-1DC94AA4B865}.Release|x64.ActiveCfg = Release|Any CPU
		{1A35D5DF-7E36-49E1-80F2-1DC94AA4B865}.Release|x64.Build.0 = Release|Any CPU
		{1A35D5DF-7E36-49E1-80F2-1DC94AA4B865}.Release|x86.ActiveCfg = Release|Any CPU
		{1A35D5DF-7E36-49E1-80F2-1DC94AA4B865}.Release|x86.Build.0 = Release|Any CPU
		{FFB99C6B-F09B-427D-B20B-9E0D6DDE80B5}.Debug|Any CPU.ActiveCfg = Debug|Any CPU
		{FFB99C6B-F09B-427D-B20B-9E0D6DDE80B5}.Debug|Any CPU.Build.0 = Debug|Any CPU
		{FFB99C6B-F09B-427D-B20B-9E0D6DDE80B5}.Debug|x64.ActiveCfg = Debug|Any CPU
		{FFB99C6B-F09B-427D-B20B-9E0D6DDE80B5}.Debug|x64.Build.0 = Debug|Any CPU
		{FFB99C6B-F09B-427D-B20B-9E0D6DDE80B5}.Debug|x86.ActiveCfg = Debug|Any CPU
		{FFB99C6B-F09B-427D-B20B-9E0D6DDE80B5}.Debug|x86.Build.0 = Debug|Any CPU
		{FFB99C6B-F09B-427D-B20B-9E0D6DDE80B5}.Release|Any CPU.ActiveCfg = Release|Any CPU
		{FFB99C6B-F09B-427D-B20B-9E0D6DDE80B5}.Release|Any CPU.Build.0 = Release|Any CPU
		{FFB99C6B-F09B-427D-B20B-9E0D6DDE80B5}.Release|x64.ActiveCfg = Release|Any CPU
		{FFB99C6B-F09B-427D-B20B-9E0D6DDE80B5}.Release|x64.Build.0 = Release|Any CPU
		{FFB99C6B-F09B-427D-B20B-9E0D6DDE80B5}.Release|x86.ActiveCfg = Release|Any CPU
		{FFB99C6B-F09B-427D-B20B-9E0D6DDE80B5}.Release|x86.Build.0 = Release|Any CPU
		{C2BF082B-5955-4552-BDA8-3500203433EA}.Debug|Any CPU.ActiveCfg = Debug|Any CPU
		{C2BF082B-5955-4552-BDA8-3500203433EA}.Debug|Any CPU.Build.0 = Debug|Any CPU
		{C2BF082B-5955-4552-BDA8-3500203433EA}.Debug|x64.ActiveCfg = Debug|Any CPU
		{C2BF082B-5955-4552-BDA8-3500203433EA}.Debug|x64.Build.0 = Debug|Any CPU
		{C2BF082B-5955-4552-BDA8-3500203433EA}.Debug|x86.ActiveCfg = Debug|Any CPU
		{C2BF082B-5955-4552-BDA8-3500203433EA}.Debug|x86.Build.0 = Debug|Any CPU
		{C2BF082B-5955-4552-BDA8-3500203433EA}.Release|Any CPU.ActiveCfg = Release|Any CPU
		{C2BF082B-5955-4552-BDA8-3500203433EA}.Release|Any CPU.Build.0 = Release|Any CPU
		{C2BF082B-5955-4552-BDA8-3500203433EA}.Release|x64.ActiveCfg = Release|Any CPU
		{C2BF082B-5955-4552-BDA8-3500203433EA}.Release|x64.Build.0 = Release|Any CPU
		{C2BF082B-5955-4552-BDA8-3500203433EA}.Release|x86.ActiveCfg = Release|Any CPU
		{C2BF082B-5955-4552-BDA8-3500203433EA}.Release|x86.Build.0 = Release|Any CPU
		{084229FC-7C1C-4055-B6DB-303557E62AD6}.Debug|Any CPU.ActiveCfg = Debug|Any CPU
		{084229FC-7C1C-4055-B6DB-303557E62AD6}.Debug|Any CPU.Build.0 = Debug|Any CPU
		{084229FC-7C1C-4055-B6DB-303557E62AD6}.Debug|x64.ActiveCfg = Debug|Any CPU
		{084229FC-7C1C-4055-B6DB-303557E62AD6}.Debug|x64.Build.0 = Debug|Any CPU
		{084229FC-7C1C-4055-B6DB-303557E62AD6}.Debug|x86.ActiveCfg = Debug|Any CPU
		{084229FC-7C1C-4055-B6DB-303557E62AD6}.Debug|x86.Build.0 = Debug|Any CPU
		{084229FC-7C1C-4055-B6DB-303557E62AD6}.Release|Any CPU.ActiveCfg = Release|Any CPU
		{084229FC-7C1C-4055-B6DB-303557E62AD6}.Release|Any CPU.Build.0 = Release|Any CPU
		{084229FC-7C1C-4055-B6DB-303557E62AD6}.Release|x64.ActiveCfg = Release|Any CPU
		{084229FC-7C1C-4055-B6DB-303557E62AD6}.Release|x64.Build.0 = Release|Any CPU
		{084229FC-7C1C-4055-B6DB-303557E62AD6}.Release|x86.ActiveCfg = Release|Any CPU
		{084229FC-7C1C-4055-B6DB-303557E62AD6}.Release|x86.Build.0 = Release|Any CPU
		{A7B951FB-B0F7-4E73-B384-574D0CAECF47}.Debug|Any CPU.ActiveCfg = Debug|Any CPU
		{A7B951FB-B0F7-4E73-B384-574D0CAECF47}.Debug|Any CPU.Build.0 = Debug|Any CPU
		{A7B951FB-B0F7-4E73-B384-574D0CAECF47}.Debug|x64.ActiveCfg = Debug|Any CPU
		{A7B951FB-B0F7-4E73-B384-574D0CAECF47}.Debug|x64.Build.0 = Debug|Any CPU
		{A7B951FB-B0F7-4E73-B384-574D0CAECF47}.Debug|x86.ActiveCfg = Debug|Any CPU
		{A7B951FB-B0F7-4E73-B384-574D0CAECF47}.Debug|x86.Build.0 = Debug|Any CPU
		{A7B951FB-B0F7-4E73-B384-574D0CAECF47}.Release|Any CPU.ActiveCfg = Release|Any CPU
		{A7B951FB-B0F7-4E73-B384-574D0CAECF47}.Release|Any CPU.Build.0 = Release|Any CPU
		{A7B951FB-B0F7-4E73-B384-574D0CAECF47}.Release|x64.ActiveCfg = Release|Any CPU
		{A7B951FB-B0F7-4E73-B384-574D0CAECF47}.Release|x64.Build.0 = Release|Any CPU
		{A7B951FB-B0F7-4E73-B384-574D0CAECF47}.Release|x86.ActiveCfg = Release|Any CPU
		{A7B951FB-B0F7-4E73-B384-574D0CAECF47}.Release|x86.Build.0 = Release|Any CPU
		{F7BE9689-44B4-4C71-9CB0-863DDEAF04FE}.Debug|Any CPU.ActiveCfg = Debug|Any CPU
		{F7BE9689-44B4-4C71-9CB0-863DDEAF04FE}.Debug|Any CPU.Build.0 = Debug|Any CPU
		{F7BE9689-44B4-4C71-9CB0-863DDEAF04FE}.Debug|x64.ActiveCfg = Debug|Any CPU
		{F7BE9689-44B4-4C71-9CB0-863DDEAF04FE}.Debug|x64.Build.0 = Debug|Any CPU
		{F7BE9689-44B4-4C71-9CB0-863DDEAF04FE}.Debug|x86.ActiveCfg = Debug|Any CPU
		{F7BE9689-44B4-4C71-9CB0-863DDEAF04FE}.Debug|x86.Build.0 = Debug|Any CPU
		{F7BE9689-44B4-4C71-9CB0-863DDEAF04FE}.Release|Any CPU.ActiveCfg = Release|Any CPU
		{F7BE9689-44B4-4C71-9CB0-863DDEAF04FE}.Release|Any CPU.Build.0 = Release|Any CPU
		{F7BE9689-44B4-4C71-9CB0-863DDEAF04FE}.Release|x64.ActiveCfg = Release|Any CPU
		{F7BE9689-44B4-4C71-9CB0-863DDEAF04FE}.Release|x64.Build.0 = Release|Any CPU
		{F7BE9689-44B4-4C71-9CB0-863DDEAF04FE}.Release|x86.ActiveCfg = Release|Any CPU
		{F7BE9689-44B4-4C71-9CB0-863DDEAF04FE}.Release|x86.Build.0 = Release|Any CPU
		{4CDF9D2C-C2E3-4CDC-8706-8388F7A0692D}.Debug|Any CPU.ActiveCfg = Debug|Any CPU
		{4CDF9D2C-C2E3-4CDC-8706-8388F7A0692D}.Debug|Any CPU.Build.0 = Debug|Any CPU
		{4CDF9D2C-C2E3-4CDC-8706-8388F7A0692D}.Debug|x64.ActiveCfg = Debug|Any CPU
		{4CDF9D2C-C2E3-4CDC-8706-8388F7A0692D}.Debug|x64.Build.0 = Debug|Any CPU
		{4CDF9D2C-C2E3-4CDC-8706-8388F7A0692D}.Debug|x86.ActiveCfg = Debug|Any CPU
		{4CDF9D2C-C2E3-4CDC-8706-8388F7A0692D}.Debug|x86.Build.0 = Debug|Any CPU
		{4CDF9D2C-C2E3-4CDC-8706-8388F7A0692D}.Release|Any CPU.ActiveCfg = Release|Any CPU
		{4CDF9D2C-C2E3-4CDC-8706-8388F7A0692D}.Release|Any CPU.Build.0 = Release|Any CPU
		{4CDF9D2C-C2E3-4CDC-8706-8388F7A0692D}.Release|x64.ActiveCfg = Release|Any CPU
		{4CDF9D2C-C2E3-4CDC-8706-8388F7A0692D}.Release|x64.Build.0 = Release|Any CPU
		{4CDF9D2C-C2E3-4CDC-8706-8388F7A0692D}.Release|x86.ActiveCfg = Release|Any CPU
		{4CDF9D2C-C2E3-4CDC-8706-8388F7A0692D}.Release|x86.Build.0 = Release|Any CPU
		{3E0C04D5-76B9-4CCD-8496-B472616C31A0}.Debug|Any CPU.ActiveCfg = Debug|Any CPU
		{3E0C04D5-76B9-4CCD-8496-B472616C31A0}.Debug|Any CPU.Build.0 = Debug|Any CPU
		{3E0C04D5-76B9-4CCD-8496-B472616C31A0}.Debug|x64.ActiveCfg = Debug|Any CPU
		{3E0C04D5-76B9-4CCD-8496-B472616C31A0}.Debug|x64.Build.0 = Debug|Any CPU
		{3E0C04D5-76B9-4CCD-8496-B472616C31A0}.Debug|x86.ActiveCfg = Debug|Any CPU
		{3E0C04D5-76B9-4CCD-8496-B472616C31A0}.Debug|x86.Build.0 = Debug|Any CPU
		{3E0C04D5-76B9-4CCD-8496-B472616C31A0}.Release|Any CPU.ActiveCfg = Release|Any CPU
		{3E0C04D5-76B9-4CCD-8496-B472616C31A0}.Release|Any CPU.Build.0 = Release|Any CPU
		{3E0C04D5-76B9-4CCD-8496-B472616C31A0}.Release|x64.ActiveCfg = Release|Any CPU
		{3E0C04D5-76B9-4CCD-8496-B472616C31A0}.Release|x64.Build.0 = Release|Any CPU
		{3E0C04D5-76B9-4CCD-8496-B472616C31A0}.Release|x86.ActiveCfg = Release|Any CPU
		{3E0C04D5-76B9-4CCD-8496-B472616C31A0}.Release|x86.Build.0 = Release|Any CPU
	EndGlobalSection
	GlobalSection(SolutionProperties) = preSolution
		HideSolutionNode = FALSE
	EndGlobalSection
	GlobalSection(ExtensibilityGlobals) = postSolution
		SolutionGuid = {08403D7B-EABE-4ADA-A30A-EA549502829B}
	EndGlobalSection
EndGlobal
